Microsoft Visual Studio Solution File, Format Version 12.00
# Visual Studio Version 17
VisualStudioVersion = 17.5.2.0
MinimumVisualStudioVersion = 10.0.40219.1
Project("{FAE04EC0-301F-11D3-BF4B-00C04F79EFBC}") = "Miles-Per-Gallon-Calculator", "Miles-Per-Gallon-Calculator.csproj", "{7BAA71B5-B162-CBEF-4EF4-9F07AEDDCA00}"
EndProject
Global
	GlobalSection(SolutionConfigurationPlatforms) = preSolution
		Debug|Any CPU = Debug|Any CPU
		Release|Any CPU = Release|Any CPU
	EndGlobalSection
	GlobalSection(ProjectConfigurationPlatforms) = postSolution
		{7BAA71B5-B162-CBEF-4EF4-9F07AEDDCA00}.Debug|Any CPU.ActiveCfg = Debug|Any CPU
		{7BAA71B5-B162-CBEF-4EF4-9F07AEDDCA00}.Debug|Any CPU.Build.0 = Debug|Any CPU
		{7BAA71B5-B162-CBEF-4EF4-9F07AEDDCA00}.Release|Any CPU.ActiveCfg = Release|Any CPU
		{7BAA71B5-B162-CBEF-4EF4-9F07AEDDCA00}.Release|Any CPU.Build.0 = Release|Any CPU
	EndGlobalSection
	GlobalSection(SolutionProperties) = preSolution
		HideSolutionNode = FALSE
	EndGlobalSection
	GlobalSection(ExtensibilityGlobals) = postSolution
		SolutionGuid = {6597CBFB-54E5-4C67-8491-96EC64FBDCF0}
	EndGlobalSection
EndGlobal
